
Microsoft Visual Studio Solution File, Format Version 12.00
# Visual Studio 14
VisualStudioVersion = 14.0.23107.0
MinimumVisualStudioVersion = 10.0.40219.1
Project("{FAE04EC0-301F-11D3-BF4B-00C04F79EFBC}") = "HF-Application", "HF-Application\HF-Application.csproj", "{4AFCF1D9-4BCD-4B86-84E3-03DBCE139CC3}"
EndProject
Project("{FAE04EC0-301F-11D3-BF4B-00C04F79EFBC}") = "HF-Application.Tests", "HF-Application.Tests\HF-Application.Tests.csproj", "{828D8BAF-8C3D-44BE-B848-088C7423E650}"
EndProject
Global
	GlobalSection(SolutionConfigurationPlatforms) = preSolution
		Debug|Any CPU = Debug|Any CPU
		Release|Any CPU = Release|Any CPU
	EndGlobalSection
	GlobalSection(ProjectConfigurationPlatforms) = postSolution
		{4AFCF1D9-4BCD-4B86-84E3-03DBCE139CC3}.Debug|Any CPU.ActiveCfg = Debug|Any CPU
		{4AFCF1D9-4BCD-4B86-84E3-03DBCE139CC3}.Debug|Any CPU.Build.0 = Debug|Any CPU
		{4AFCF1D9-4BCD-4B86-84E3-03DBCE139CC3}.Release|Any CPU.ActiveCfg = Release|Any CPU
		{4AFCF1D9-4BCD-4B86-84E3-03DBCE139CC3}.Release|Any CPU.Build.0 = Release|Any CPU
		{828D8BAF-8C3D-44BE-B848-088C7423E650}.Debug|Any CPU.ActiveCfg = Debug|Any CPU
		{828D8BAF-8C3D-44BE-B848-088C7423E650}.Debug|Any CPU.Build.0 = Debug|Any CPU
		{828D8BAF-8C3D-44BE-B848-088C7423E650}.Release|Any CPU.ActiveCfg = Release|Any CPU
		{828D8BAF-8C3D-44BE-B848-088C7423E650}.Release|Any CPU.Build.0 = Release|Any CPU
	EndGlobalSection
	GlobalSection(SolutionProperties) = preSolution
		HideSolutionNode = FALSE
	EndGlobalSection
	GlobalSection(MonoDevelopProperties) = preSolution
		Policies = $0
		$0.DotNetNamingPolicy = $1
		$1.DirectoryNamespaceAssociation = PrefixedHierarchical
		$0.TextStylePolicy = $2
		$2.inheritsSet = null
		$2.scope = text/x-csharp
		$0.CSharpFormattingPolicy = $3
		$3.scope = text/x-csharp
		$0.TextStylePolicy = $4
		$4.inheritsSet = null
		$4.scope = text/x-css
		$0.CSSFormattingPolicy = $5
		$5.AutomaticFormatting = True
		$5.BracePositions = SemiExpanded
		$5.FormatOnPaste = True
		$5.HierarchicalIndentation = True
		$5.scope = text/x-css
		$0.TextStylePolicy = $6
		$6.inheritsSet = null
		$6.scope = text/x-html
		$0.HTMLFormattingPolicy = $7
		$7.FormatOnPaste = True
		$7.XHTMLCodingStyle = True
		$7.scope = text/x-html
		$0.TextStylePolicy = $8
		$8.inheritsSet = null
		$8.scope = text/microsoft-resx
		$0.XmlFormattingPolicy = $9
		$9.DefaultFormat = $10
		$10.AlignAttributes = True
		$10.AlignAttributeValues = True
		$9.scope = text/microsoft-resx
		$0.VersionControlPolicy = $11
	EndGlobalSection
EndGlobal
